{
  "name": "autoapply-ai-frontend",
  "version": "2.0.0",
  "lockfileVersion": 3,
  "requires": true,
  "packages": {
    "": {
      "name": "autoapply-ai-frontend",
      "version": "2.0.0",
      "dependencies": {
        "@angular/animations": "^17.0.0",
        "@angular/common": "^17.0.0",
        "@angular/compiler": "^17.0.0",
        "@angular/core": "^17.0.0",
        "@angular/forms": "^17.0.0",
        "@angular/platform-browser": "^17.0.0",
        "@angular/platform-browser-dynamic": "^17.0.0",
        "@angular/router": "^17.0.0",
        "@ngx-translate/core": "^15.0.0",
        "@ngx-translate/http-loader": "^8.0.0",
        "rxjs": "~7.8.0",
        "tslib": "^2.3.0",
        "zone.js": "~0.14.2"
      },
      "devDependencies": {
        "@angular-devkit/build-angular": "^17.0.0",
        "@angular/cli": "^17.0.0",
        "@angular/compiler-cli": "^17.0.0",
        "typescript": "~5.2.2"
      },
      "engines": {
        "node": "24.x"
      }
    },
    "node_modules/@ampproject/remapping": {
      "version": "2.3.0",
      "resolved": "https://registry.npmjs.org/@ampproject/remapping/-/remapping-2.3.0.tgz",
      "integrity": "sha512-30iZtAPgz+LTIYoeivqYo853f02jBYSd5uGnGpkFV0M3xOt9aN73erkgYAmZU43x4VfqcnLxW9Kpg3R5LC4YYw==",
      "dev": true,
      "license": "Apache-2.0",
      "dependencies": {
        "@jridgewell/gen-mapping": "^0.3.5",
        "@jridgewell/trace-mapping": "^0.3.24"
      },
      "engines": {
        "node": ">=6.0.0"
      }
    },
    "node_modules/@angular-devkit/architect": {
      "version": "0.1703.17",
      "resolved": "https://registry.npmjs.org/@angular-devkit/architect/-/architect-0.1703.17.tgz",
      "integrity": "sha512-LD6po8lGP2FI7WbnsSxtvpiIi+FYL0aNfteunkT+7po9jUNflBEYHA64UWNO56u7ryKNdbuiN8/TEh7FEUnmCw==",
      "dev": true,
      "license": "MIT",
      "dependencies": {
        "@angular-devkit/core": "17.3.17",
        "rxjs": "7.8.1"
      },
      "engines": {
        "node": "^18.13.0 || >=20.9.0",
        "npm": "^6.11.0 || ^7.5.6 || >=8.0.0",
        "yarn": ">= 1.13.0"
      }
    },
    "node_modules/@angular-devkit/architect/node_modules/rxjs": {
      "version": "7.8.1",
      "resolved": "https://registry.npmjs.org/rxjs/-/rxjs-7.8.1.tgz",
      "integrity": "sha512-AA3TVj+0A2iuIoQkWEK/tqFjBq2j+6PO6Y0zJcvzLAFhEFIO3HL0vls9hWLncZbAAbK0mar7oZ4V079I/qPMxg==",
      "dev": true,
      "license": "Apache-2.0",
      "dependencies": {
        "tslib": "^2.1.0"
      }
    },
    "node_modules/@angular-devkit/build-angular": {
      "version": "17.3.17",
      "resolved": "https://registry.npmjs.org/@angular-devkit/build-angular/-/build-angular-17.3.17.tgz",
      "integrity": "sha512-0kLVwjLZ5v4uIaG0K6sHJxxppS0bvjNmxHkbybU8FBW3r5MOBQh/ApsiCQKQQ8GBrQz9qSJvLJH8lsb/uR8aPQ==",
      "dev": true,
      "license": "MIT",
      "dependencies": {
        "@ampproject/remapping": "2.3.0",
        "@angular-devkit/architect": "0.1703.17",
        "@angular-devkit/build-webpack": "0.1703.17",
        "@angular-devkit/core": "17.3.17",
        "@babel/core": "7.26.10",
        "@babel/generator": "7.26.10",
        "@babel/helper-annotate-as-pure": "7.25.9",
        "@babel/helper-split-export-declaration": "7.24.7",
        "@babel/plugin-transform-async-generator-functions": "7.26.8",
        "@babel/plugin-transform-async-to-generator": "7.25.9",
        "@babel/plugin-transform-runtime": "7.26.10",
        "@babel/preset-env": "7.26.9",
        "@babel/runtime": "7.26.10",
        "@discoveryjs/json-ext": "0.5.7",
        "@ngtools/webpack": "17.3.17",
        "@vitejs/plugin-basic-ssl": "1.1.0",
        "ansi-colors": "4.1.3",
        "autoprefixer": "10.4.18",
        "babel-loader": "9.1.3",
        "babel-plugin-istanbul": "6.1.1",
        "browserslist": "^4.21.5",
        "copy-webpack-plugin": "11.0.0",
        "critters": "0.0.22",
        "css-loader": "6.10.0",
        "esbuild-wasm": "0.20.1",
        "fast-glob": "3.3.2",
        "http-proxy-middleware": "2.0.8",
        "https-proxy-agent": "7.0.4",
        "inquirer": "9.2.15",
        "jsonc-parser": "3.2.1",
        "karma-source-map-support": "1.4.0",
        "less": "4.2.0",
        "less-loader": "11.1.0",
        "license-webpack-plugin": "4.0.2",
        "loader-utils": "3.2.1",
        "magic-string": "0.30.8",
        "mini-css-extract-plugin": "2.8.1",
        "mrmime": "2.0.0",
        "open": "8.4.2",
        "ora": "5.4.1",
        "parse5-html-rewriting-stream": "7.0.0",
        "picomatch": "4.0.1",
        "piscina": "4.4.0",
        "postcss": "8.4.35",
        "postcss-loader": "8.1.1",
        "resolve-url-loader": "5.0.0",
        "rxjs": "7.8.1",
        "sass": "1.71.1",
        "sass-loader": "14.1.1",
        "semver": "7.6.0",
        "source-map-loader": "5.0.0",
        "source-map-support": "0.5.21",
        "terser": "5.29.1",
        "tree-kill": "1.2.2",
        "tslib": "2.6.2",
        "vite": "~5.4.17",
        "watchpack": "2.4.0",
        "webpack": "5.94.0",
        "webpack-dev-middleware": "6.1.2",
        "webpack-dev-server": "4.15.1",
        "webpack-merge": "5.10.0",
        "webpack-subresource-integrity": "5.1.0"
      },
      "engines": {
        "node": "^18.13.0 || >=20.9.0",
        "npm": "^6.11.0 || ^7.5.6 || >=8.0.0",
        "yarn": ">= 1.13.0"
      },
      "optionalDependencies": {
        "esbuild": "0.20.1"
      },
      "peerDependencies": {
        "@angular/compiler-cli": "^17.0.0",
        "@angular/localize": "^17.0.0",
        "@angular/platform-server": "^17.0.0",
        "@angular/service-worker": "^17.0.0",
        "@web/test-runner": "^0.18.0",
        "browser-sync": "^3.0.2",
        "jest": "^29.5.0",
        "jest-environment-jsdom": "^29.5.0",
        "karma": "^6.3.0",
        "ng-packagr": "^17.0.0",
        "protractor": "^7.0.0",
        "tailwindcss": "^2.0.0 || ^3.0.0",
        "typescript": ">=5.2 <5.5"
      },
      "peerDependenciesMeta": {
        "@angular/localize": {
          "optional": true
        },
        "@angular/platform-server": {
          "optional": true
        },
        "@angular/service-worker": {
          "optional": true
        },
        "@web/test-runner": {
          "optional": true
        },
        "browser-sync": {
          "optional": true
        },
        "jest": {
          "optional": true
        },
        "jest-environment-jsdom": {
          "optional": true
        },
        "karma": {
          "optional": true
        },
        "ng-packagr": {
          "optional": true
        },
        "protractor": {
          "optional": true
        },
        "tailwindcss": {
          "optional": true
        }
      }
    },
    "node_modules/@angular-devkit/build-angular/node_modules/rxjs": {
      "version": "7.8.1",
      "resolved": "https://registry.npmjs.org/rxjs/-/rxjs-7.8.1.tgz",
      "integrity": "sha512-AA3TVj+0A2iuIoQkWEK/tqFjBq2j+6PO6Y0zJcvzLAFhEFIO3HL0vls9hWLncZbAAbK0mar7oZ4V079I/qPMxg==",
      "dev": true,
      "license": "Apache-2.0",
      "dependencies": {
        "tslib": "^2.1.0"
      }
    },
    "node_modules/@angular-devkit/build-angular/node_modules/tslib": {
      "version": "2.6.2",
      "resolved": "https://registry.npmjs.org/tslib/-/tslib-2.6.2.tgz",
      "integrity": "sha512-AEYxH93jGFPn/a2iVAwW87VuUIkR1FVUKB77NwMF7nBTDkDrrT/Hpt/IrCJ0QXhW27jTBDcf5ZY7w6RiqTMw2Q==",
      "dev": true,
      "license": "0BSD"
    },
    "node_modules/@angular-devkit/build-webpack": {
      "version": "0.1703.17",
      "resolved": "https://registry.npmjs.org/@angular-devkit/build-webpack/-/build-webpack-0.1703.17.tgz",
      "integrity": "sha512-81RJe/WFQ1QOJA9du+jK41KaaWXmEWt3frtj9eseWSr+d+Ebt0JMblzM12A70qm7LoUvG48hSiimm7GmkzV3rw==",
      "dev": true,
      "license": "MIT",
      "dependencies": {
        "@angular-devkit/architect": "0.1703.17",
        "rxjs": "7.8.1"
      },
      "engines": {
        "node": "^18.13.0 || >=20.9.0",
        "npm": "^6.11.0 || ^7.5.6 || >=8.0.0",
        "yarn": ">= 1.13.0"
      },
      "peerDependencies": {
        "webpack": "^5.30.0",
        "webpack-dev-server": "^4.0.0"
      }
    },
    "node_modules/@angular-devkit/build-webpack/node_modules/rxjs": {
      "version": "7.8.1",
      "resolved": "https://registry.npmjs.org/rxjs/-/rxjs-7.8.1.tgz",
      "integrity": "sha512-AA3TVj+0A2iuIoQkWEK/tqFjBq2j+6PO6Y0zJcvzLAFhEFIO3HL0vls9hWLncZbAAbK0mar7oZ4V079I/qPMxg==",
      "dev": true,
      "license": "Apache-2.0",
      "dependencies": {
        "tslib": "^2.1.0"
      }
    },
    "node_modules/@angular-devkit/core": {
      "version": "17.3.17",
      "resolved": "https://registry.npmjs.org/@angular-devkit/core/-/core-17.3.17.tgz",
      "integrity": "sha512-7aNVqS3rOGsSZYAOO44xl2KURwaoOP+EJhJs+LqOGOFpok2kd8YLf4CAMUossMF4H7HsJpgKwYqGrV5eXunrpw==",
      "dev": true,
      "license": "MIT",
      "dependencies": {
        "ajv": "8.12.0",
        "ajv-formats": "2.1.1",
        "jsonc-parser": "3.2.1",
        "picomatch": "4.0.1",
        "rxjs": "7.8.1",
        "source-map": "0.7.4"
      },
      "engines": {
        "node": "^18.13.0 || >=20.9.0",
        "npm": "^6.11.0 || ^7.5.6 || >=8.0.0",
        "yarn": ">= 1.13.0"
      },
      "peerDependencies": {
        "chokidar": "^3.5.2"
      },
      "peerDependenciesMeta": {
        "chokidar": {
          "optional": true
        }
      }
    },
    "node_modules/@angular-devkit/core/node_modules/rxjs": {
      "version": "7.8.1",
      "resolved": "https://registry.npmjs.org/rxjs/-/rxjs-7.8.1.tgz",
      "integrity": "sha512-AA3TVj+0A2iuIoQkWEK/tqFjBq2j+6PO6Y0zJcvzLAFhEFIO3HL0vls9hWLncZbAAbK0mar7oZ4V079I/qPMxg==",
      "dev": true,
      "license": "Apache-2.0",
      "dependencies": {
        "tslib": "^2.1.0"
      }
    },
    "node_modules/@angular-devkit/schematics": {
      "version": "17.3.17",
      "resolved": "https://registry.npmjs.org/@angular-devkit/schematics/-/schematics-17.3.17.tgz",
      "integrity": "sha512-ZXsIJXZm0I0dNu1BqmjfEtQhnzqoupUHHZb4GHm5NeQHBFZctQlkkNxLUU27GVeBUwFgEmP7kFgSLlMPTGSL5g==",
      "dev": true,
      "license": "MIT",
      "dependencies": {
        "@angular-devkit/core": "17.3.17",
        "jsonc-parser": "3.2.1",
        "magic-string": "0.30.8",
        "ora": "5.4.1",
        "rxjs": "7.8.1"
      },
      "engines": {
        "node": "^18.13.0 || >=20.9.0",
        "npm": "^6.11.0 || ^7.5.6 || >=8.0.0",
        "yarn": ">= 1.13.0"
      }
    },
    "node_modules/@angular-devkit/schematics/node_modules/rxjs": {
      "version": "7.8.1",
      "resolved": "https://registry.npmjs.org/rxjs/-/rxjs-7.8.1.tgz",
      "integrity": "sha512-AA3TVj+0A2iuIoQkWEK/tqFjBq2j+6PO6Y0zJcvzLAFhEFIO3HL0vls9hWLncZbAAbK0mar7oZ4V079I/qPMxg==",
      "dev": true,
      "license": "Apache-2.0",
      "dependencies": {
        "tslib": "^2.1.0"
      }
    },
    "node_modules/@angular/animations": {
      "version": "17.3.12",
      "resolved": "https://registry.npmjs.org/@angular/animations/-/animations-17.3.12.tgz",
      "integrity": "sha512-9hsdWF4gRRcVJtPcCcYLaX1CIyM9wUu6r+xRl6zU5hq8qhl35hig6ounz7CXFAzLf0WDBdM16bPHouVGaG76lg==",
      "license": "MIT",
      "peer": true,
      "dependencies": {
        "tslib": "^2.3.0"
      },
      "engines": {
        "node": "^18.13.0 || >=20.9.0"
      },
      "peerDependencies": {
        "@angular/core": "17.3.12"
      }
    },
    "node_modules/@angular/cli": {
      "version": "17.3.17",
      "resolved": "https://registry.npmjs.org/@angular/cli/-/cli-17.3.17.tgz",
      "integrity": "sha512-FgOvf9q5d23Cpa7cjP1FYti/v8S1FTm8DEkW3TY8lkkoxh3isu28GFKcLD1p/XF3yqfPkPVHToOFla5QwsEgBQ==",
      "dev": true,
      "license": "MIT",
      "dependencies": {
        "@angular-devkit/architect": "0.1703.17",
        "@angular-devkit/core": "17.3.17",
        "@angular-devkit/schematics": "17.3.17",
        "@schematics/angular": "17.3.17",
        "@yarnpkg/lockfile": "1.1.0",
        "ansi-colors": "4.1.3",
        "ini": "4.1.2",
        "inquirer": "9.2.15",
        "jsonc-parser": "3.2.1",
        "npm-package-arg": "11.0.1",
        "npm-pick-manifest": "9.0.0",
        "open": "8.4.2",
        "ora": "5.4.1",
        "pacote": "17.0.6",
        "resolve": "1.22.8",
        "semver": "7.6.0",
        "symbol-observable": "4.0.0",
        "yargs": "17.7.2"
      },
      "bin": {
        "ng": "bin/ng.js"
      },
      "engines": {
        "node": "^18.13.0 || >=20.9.0",
        "npm": "^6.11.0 || ^7.5.6 || >=8.0.0",
        "yarn": ">= 1.13.0"
      }
    },
    "node_modules/@angular/common": {
      "version": "17.3.12",
      "resolved": "https://registry.npmjs.org/@angular/common/-/common-17.3.12.tgz",
      "integrity": "sha512-vabJzvrx76XXFrm1RJZ6o/CyG32piTB/1sfFfKHdlH1QrmArb8It4gyk9oEjZ1IkAD0HvBWlfWmn+T6Vx3pdUw==",
      "license": "MIT",
      "peer": true,
      "dependencies": {
        "tslib": "^2.3.0"
      },
      "engines": {
        "node": "^18.13.0 || >=20.9.0"
      },
      "peerDependencies": {
        "@angular/core": "17.3.12",
        "rxjs": "^6.5.3 || ^7.4.0"
      }
    },
    "node_modules/@angular/compiler": {
      "version": "17.3.12",
      "resolved": "https://registry.npmjs.org/@angular/compiler/-/compiler-17.3.12.tgz",
      "integrity": "sha512-vwI8oOL/gM+wPnptOVeBbMfZYwzRxQsovojZf+Zol9szl0k3SZ3FycWlxxXZGFu3VIEfrP6pXplTmyODS/Lt1w==",
      "license": "MIT",
      "peer": true,
      "dependencies": {
        "tslib": "^2.3.0"
      },
      "engines": {
        "node": "^18.13.0 || >=20.9.0"
      },
      "peerDependencies": {
        "@angular/core": "17.3.12"
      },
      "peerDependenciesMeta": {
        "@angular/core": {
          "optional": true
        }
      }
    },
    "node_modules/@angular/compiler-cli": {
      "version": "17.3.12",
      "resolved": "https://registry.npmjs.org/@angular/compiler-cli/-/compiler-cli-17.3.12.tgz",
      "integrity": "sha512-1F8M7nWfChzurb7obbvuE7mJXlHtY1UG58pcwcomVtpPb+kPavgAO8OEvJHYBMV+bzSxkXt5UIwL9lt9jHUxZA==",
      "dev": true,
      "license": "MIT",
      "peer": true,
      "dependencies": {
        "@babel/core": "7.23.9",
        "@jridgewell/sourcemap-codec": "^1.4.14",
        "chokidar": "^3.0.0",
        "convert-source-map": "^1.5.1",
        "reflect-metadata": "^0.2.0",
        "semver": "^7.0.0",
        "tslib": "^2.3.0",
        "yargs": "^17.2.1"
      },
      "bin": {
        "ng-xi18n": "bundles/src/bin/ng_xi18n.js",
        "ngc": "bundles/src/bin/ngc.js",
        "ngcc": "bundles/ngcc/index.js"
      },
      "engines": {
        "node": "^18.13.0 || >=20.9.0"
      },
      "peerDependencies": {
        "@angular/compiler": "17.3.12",
        "typescript": ">=5.2 <5.5"
      }
    },
    "node_modules/@angular/compiler-cli/node_modules/@babel/core": {
      "version": "7.23.9",
      "resolved": "https://registry.npmjs.org/@babel/core/-/core-7.23.9.tgz",
      "integrity": "sha512-5q0175NOjddqpvvzU+kDiSOAk4PfdO6FvwCWoQ6RO7rTzEe8vlo+4HVfcnAREhD4npMs0e9uZypjTwzZPCf/cw==",
      "dev": true,
      "license": "MIT",
      "dependencies": {
        "@ampproject/remapping": "^2.2.0",
        "@babel/code-frame": "^7.23.5",
        "@babel/generator": "^7.23.6",
        "@babel/helper-compilation-targets": "^7.23.6",
        "@babel/helper-module-transforms": "^7.23.3",
        "@babel/helpers": "^7.23.9",
        "@babel/parser": "^7.23.9",
        "@babel/template": "^7.23.9",
        "@babel/traverse": "^7.23.9",
        "@babel/types": "^7.23.9",
        "convert-source-map": "^2.0.0",
        "debug": "^4.1.0",
        "gensync": "^1.0.0-beta.2",
        "json5": "^2.2.3",
        "semver": "^6.3.1"
      },
      "engines": {
        "node": ">=6.9.0"
      },
      "funding": {
        "type": "opencollective",
        "url": "https://opencollective.com/babel"
      }
    },
    "node_modules/@angular/compiler-cli/node_modules/@babel/core/node_modules/convert-source-map": {
      "version": "2.0.0",
      "resolved": "https://registry.npmjs.org/convert-source-map/-/convert-source-map-2.0.0.tgz",
      "integrity": "sha512-Kvp459HrV2FEJ1CAsi1Ku+MY3kasH19TFykTz2xWmMeq6bk2NU3XXvfJ+Q61m0xktWwt+1HSYf3JZsTms3aRJg==",
      "dev": true,
      "license": "MIT"
    },
    "node_modules/@angular/compiler-cli/node_modules/@babel/core/node_modules/semver": {
      "version": "6.3.1",
      "resolved": "https://registry.npmjs.org/semver/-/semver-6.3.1.tgz",
      "integrity": "sha512-BR7VvDCVHO+q2xBEWskxS6DJE1qRnb7DxzUrogb71CWoSficBxYsiAGd+Kl0mmq/MprG9yArRkyrQxTO6XjMzA==",
      "dev": true,
      "license": "ISC",
      "bin": {
        "semver": "bin/semver.js"
      }
    },
    "node_modules/@angular/core": {
      "version": "17.3.12",
      "resolved": "https://registry.npmjs.org/@angular/core/-/core-17.3.12.tgz",
      "integrity": "sha512-MuFt5yKi161JmauUta4Dh0m8ofwoq6Ino+KoOtkYMBGsSx+A7dSm+DUxxNwdj7+DNyg3LjVGCFgBFnq4g8z06A==",
      "license": "MIT",
      "peer": true,
      "dependencies": {
        "tslib": "^2.3.0"
      },
      "engines": {
        "node": "^18.13.0 || >=20.9.0"
      },
      "peerDependencies": {
        "rxjs": "^6.5.3 || ^7.4.0",
        "zone.js": "~0.14.0"
      }
    },
    "node_modules/@angular/forms": {
      "version": "17.3.12",
      "resolved": "https://registry.npmjs.org/@angular/forms/-/forms-17.3.12.tgz",
      "integrity": "sha512-tV6r12Q3yEUlXwpVko4E+XscunTIpPkLbaiDn/MTL3Vxi2LZnsLgHyd/i38HaHN+e/H3B0a1ToSOhV5wf3ay4Q==",
      "license": "MIT",
      "dependencies": {
        "tslib": "^2.3.0"
      },
      "engines": {
        "node": "^18.13.0 || >=20.9.0"
      },
      "peerDependencies": {
        "@angular/common": "17.3.12",
        "@angular/core": "17.3.12",
        "@angular/platform-browser": "17.3.12",
        "rxjs": "^6.5.3 || ^7.4.0"
      }
    },
    "node_modules/@angular/platform-browser": {
      "version": "17.3.12",
      "resolved": "https://registry.npmjs.org/@angular/platform-browser/-/platform-browser-17.3.12.tgz",
      "integrity": "sha512-DYY04ptWh/ulMHzd+y52WCE8QnEYGeIiW3hEIFjCN8z0kbIdFdUtEB0IK5vjNL3ejyhUmphcpeT5PYf3YXtqWQ==",
      "license": "MIT",
      "peer": true,
      "dependencies": {
        "tslib": "^2.3.0"
      },
      "engines": {
        "node": "^18.13.0 || >=20.9.0"
      },
      "peerDependencies": {
        "@angular/animations": "17.3.12",
        "@angular/common": "17.3.12",
        "@angular/core": "17.3.12"
      },
      "peerDependenciesMeta": {
        "@angular/animations": {
          "optional": true
        }
      }
    },
    "node_modules/@angular/platform-browser-dynamic": {
      "version": "17.3.12",
      "resolved": "https://registry.npmjs.org/@angular/platform-browser-dynamic/-/platform-browser-dynamic-17.3.12.tgz",
      "integrity": "sha512-DQwV7B2x/DRLRDSisngZRdLqHdYbbrqZv2Hmu4ZbnNYaWPC8qvzgE/0CvY+UkDat3nCcsfwsMnlDeB6TL7/IaA==",
      "license": "MIT",
      "dependencies": {
        "tslib": "^2.3.0"
      },
      "engines": {
        "node": "^18.13.0 || >=20.9.0"
      },
      "peerDependencies": {
        "@angular/common": "17.3.12",
        "@angular/compiler": "17.3.12",
        "@angular/core": "17.3.12",
        "@angular/platform-browser": "17.3.12"
      }
    },
    "node_modules/@angular/router": {
      "version": "17.3.12",
      "resolved": "https://registry.npmjs.org/@angular/router/-/router-17.3.12.tgz",
      "integrity": "sha512-dg7PHBSW9fmPKTVzwvHEeHZPZdpnUqW/U7kj8D29HTP9ur8zZnx9QcnbplwPeYb8yYa62JMnZSEel2X4PxdYBg==",
      "license": "MIT",
      "dependencies": {
        "tslib": "^2.3.0"
      },
      "engines": {
        "node": "^18.13.0 || >=20.9.0"
      },
      "peerDependencies": {
        "@angular/common": "17.3.12",
        "@angular/core": "17.3.12",
        "@angular/platform-browser": "17.3.12",
        "rxjs": "^6.5.3 || ^7.4.0"
      }
    },
    "node_modules/@babel/code-frame": {
      "version": "7.29.7",
      "resolved": "https://registry.npmjs.org/@babel/code-frame/-/code-frame-7.29.7.tgz",
      "integrity": "sh